// !$*UTF8*$!
{
	archiveVersion = 1;
	classes = {
	};
	objectVersion = 46;
	objects = {

/* Begin PBXBuildFile section */
		5A7A20981EED9839001604FF /* dwt_analysis.cpp in Sources */ = {isa = PBXBuildFile; fileRef = 5A7A20961EED9839001604FF /* dwt_analysis.cpp */; };
		5AE0045B1EED767000931138 /* main.cpp in Sources */ = {isa = PBXBuildFile; fileRef = 5AE0045A1EED767000931138 /* main.cpp */; };
/* End PBXBuildFile section */

/* Begin PBXCopyFilesBuildPhase section */
		5AE004551EED767000931138 /* CopyFiles */ = {
			isa = PBXCopyFilesBuildPhase;
			buildActionMask = 2147483647;
			dstPath = /usr/share/man/man1/;
			dstSubfolderSpec = 0;
			files = (
			);
			runOnlyForDeploymentPostprocessing = 1;
		};
/* End PBXCopyFilesBuildPhase section */

/* Begin PBXFileReference section */
		5A0177F81EF6633700B3F676 /* output_list_dwt.txt */ = {isa = PBXFileReference; fileEncoding = 4; lastKnownFileType = text; path = output_list_dwt.txt; sourceTree = "<group>"; };
		5A7A20961EED9839001604FF /* dwt_analysis.cpp */ = {isa = PBXFileReference; fileEncoding = 4; lastKnownFileType = sourcecode.cpp.cpp; path = dwt_analysis.cpp; sourceTree = "<group>"; };
		5A7A20971EED9839001604FF /* dwt_analysis.hpp */ = {isa = PBXFileReference; fileEncoding = 4; lastKnownFileType = sourcecode.cpp.h; path = dwt_analysis.hpp; sourceTree = "<group>"; };
		5A7E47761EF54CC30012C256 /* date.h */ = {isa = PBXFileReference; fileEncoding = 4; lastKnownFileType = sourcecode.c.h; name = date.h; path = "date-master/date.h"; sourceTree = "<group>"; };
		5AE004571EED767000931138 /* wavelet_dwt_full */ = {isa = PBXFileReference; explicitFileType = "compiled.mach-o.executable"; includeInIndex = 0; path = wavelet_dwt_full; sourceTree = BUILT_PRODUCTS_DIR; };
		5AE0045A1EED767000931138 /* main.cpp */ = {isa = PBXFileReference; lastKnownFileType = sourcecode.cpp.cpp; path = main.cpp; sourceTree = "<group>"; };
		5AE004621EED7A0B00931138 /* input_list.txt */ = {isa = PBXFileReference; fileEncoding = 4; lastKnownFileType = text; path = input_list.txt; sourceTree = "<group>"; };
/* End PBXFileReference section */

/* Begin PBXFrameworksBuildPhase section */
		5AE004541EED767000931138 /* Frameworks */ = {
			isa = PBXFrameworksBuildPhase;
			buildActionMask = 2147483647;
			files = (
			);
			runOnlyForDeploymentPostprocessing = 0;
		};
/* End PBXFrameworksBuildPhase section */

/* Begin PBXGroup section */
		5AE0044E1EED767000931138 = {
			isa = PBXGroup;
			children = (
				5A7E47761EF54CC30012C256 /* date.h */,
				5A7A20961EED9839001604FF /* dwt_analysis.cpp */,
				5A7A20971EED9839001604FF /* dwt_analysis.hpp */,
				5AE004591EED767000931138 /* wavelet_dwt_full */,
				5AE004581EED767000931138 /* Products */,
			);
			sourceTree = "<group>";
		};
		5AE004581EED767000931138 /* Products */ = {
			isa = PBXGroup;
			children = (
				5AE004571EED767000931138 /* wavelet_dwt_full */,
			);
			name = Products;
			sourceTree = "<group>";
		};
		5AE004591EED767000931138 /* wavelet_dwt_full */ = {
			isa = PBXGroup;
			children = (
				5A0177F81EF6633700B3F676 /* output_list_dwt.txt */,
				5AE004621EED7A0B00931138 /* input_list.txt */,
				5AE0045A1EED767000931138 /* main.cpp */,
			);
			path = wavelet_dwt_full;
			sourceTree = "<group>";
		};
/* End PBXGroup section */

/* Begin PBXNativeTarget section */
		5AE004561EED767000931138 /* wavelet_dwt_full */ = {
			isa = PBXNativeTarget;
			buildConfigurationList = 5AE0045E1EED767000931138 /* Build configuration list for PBXNativeTarget "wavelet_dwt_full" */;
			buildPhases = (
				5AE004531EED767000931138 /* Sources */,
				5AE004541EED767000931138 /* Frameworks */,
				5AE004551EED767000931138 /* CopyFiles */,
			);
			buildRules = (
			);
			dependencies = (
			);
			name = wavelet_dwt_full;
			productName = wavelet_dwt_full;
			productReference = 5AE004571EED767000931138 /* wavelet_dwt_full */;
			productType = "com.apple.product-type.tool";
		};
/* End PBXNativeTarget section */

/* Begin PBXProject section */
		5AE0044F1EED767000931138 /* Project object */ = {
			isa = PBXProject;
			attributes = {
				LastUpgradeCheck = 0830;
				ORGANIZATIONNAME = "Peter Simov";
				TargetAttributes = {
					5AE004561EED767000931138 = {
						CreatedOnToolsVersion = 8.3.2;
						ProvisioningStyle = Automatic;
					};
				};
			};
			buildConfigurationList = 5AE004521EED767000931138 /* Build configuration list for PBXProject "wavelet_dwt_full" */;
			compatibilityVersion = "Xcode 3.2";
			developmentRegion = English;
			hasScannedForEncodings = 0;
			knownRegions = (
				en,
			);
			mainGroup = 5AE0044E1EED767000931138;
			productRefGroup = 5AE004581EED767000931138 /* Products */;
			projectDirPath = "";
			projectRoot = "";
			targets = (
				5AE004561EED767000931138 /* wavelet_dwt_full */,
			);
		};
/* End PBXProject section */

/* Begin PBXSourcesBuildPhase section */
		5AE004531EED767000931138 /* Sources */ = {
			isa = PBXSourcesBuildPhase;
			buildActionMask = 2147483647;
			files = (
				5AE0045B1EED767000931138 /* main.cpp in Sources */,
				5A7A20981EED9839001604FF /* dwt_analysis.cpp in Sources */,
			);
			runOnlyForDeploymentPostprocessing = 0;
		};
/* End PBXSourcesBuildPhase section */

/* Begin XCBuildConfiguration section */
		5AE0045C1EED767000931138 /* Debug */ = {
			isa = XCBuildConfiguration;
			buildSettings = {
				ALWAYS_SEARCH_USER_PATHS = NO;
				CLANG_ANALYZER_NONNULL = YES;
				CLANG_ANALYZER_NUMBER_OBJECT_CONVERSION = YES_AGGRESSIVE;
				CLANG_CXX_LANGUAGE_STANDARD = "gnu++0x";
				CLANG_CXX_LIBRARY = "libc++";
				CLANG_ENABLE_MODULES = YES;
				CLANG_ENABLE_OBJC_ARC = YES;
				CLANG_WARN_BOOL_CONVERSION = YES;
				CLANG_WARN_CONSTANT_CONVERSION = YES;
				CLANG_WARN_DIRECT_OBJC_ISA_USAGE = YES_ERROR;
				CLANG_WARN_DOCUMENTATION_COMMENTS = YES;
				CLANG_WARN_EMPTY_BODY = YES;
				CLANG_WARN_ENUM_CONVERSION = YES;
				CLANG_WARN_INFINITE_RECURSION = YES;
				CLANG_WARN_INT_CONVERSION = YES;
				CLANG_WARN_OBJC_ROOT_CLASS = YES_ERROR;
				CLANG_WARN_SUSPICIOUS_MOVE = YES;
				CLANG_WARN_UNREACHABLE_CODE = YES;
				CLANG_WARN__DUPLICATE_METHOD_MATCH = YES;
				CODE_SIGN_IDENTITY = "-";
				COPY_PHASE_STRIP = NO;
				DEBUG_INFORMATION_FORMAT = dwarf;
				ENABLE_STRICT_OBJC_MSGSEND = YES;
				ENABLE_TESTABILITY = YES;
				GCC_C_LANGUAGE_STANDARD = gnu99;
				GCC_DYNAMIC_NO_PIC = NO;
				GCC_NO_COMMON_BLOCKS = YES;
				GCC_OPTIMIZATION_LEVEL = 0;
				GCC_PREPROCESSOR_DEFINITIONS = (
					"DEBUG=1",
					"$(inherited)",
				);
				GCC_WARN_64_TO_32_BIT_CONVERSION = YES;
				GCC_WARN_ABOUT_RETURN_TYPE = YES_ERROR;
				GCC_WARN_UNDECLARED_SELECTOR = YES;
				GCC_WARN_UNINITIALIZED_AUTOS = YES_AGGRESSIVE;
				GCC_WARN_UNUSED_FUNCTION = YES;
				GCC_WARN_UNUSED_VARIABLE = YES;
				MACOSX_DEPLOYMENT_TARGET = 10.12;
				MTL_ENABLE_DEBUG_INFO = YES;
				ONLY_ACTIVE_ARCH = YES;
				SDKROOT = macosx;
			};
			name = Debug;
		};
		5AE0045D1EED767000931138 /* Release */ = {
			isa = XCBuildConfiguration;
			buildSettings = {
				ALWAYS_SEARCH_USER_PATHS = NO;
				CLANG_ANALYZER_NONNULL = YES;
				CLANG_ANALYZER_NUMBER_OBJECT_CONVERSION = YES_AGGRESSIVE;
				CLANG_CXX_LANGUAGE_STANDARD = "gnu++0x";
				CLANG_CXX_LIBRARY = "libc++";
				CLANG_ENABLE_MODULES = YES;
				CLANG_ENABLE_OBJC_ARC = YES;
				CLANG_WARN_BOOL_CONVERSION = YES;
				CLANG_WARN_CONSTANT_CONVERSION = YES;
				CLANG_WARN_DIRECT_OBJC_ISA_USAGE = YES_ERROR;
				CLANG_WARN_DOCUMENTATION_COMMENTS = YES;
				CLANG_WARN_EMPTY_BODY = YES;
				CLANG_WARN_ENUM_CONVERSION = YES;
				CLANG_WARN_INFINITE_RECURSION = YES;
				CLANG_WARN_INT_CONVERSION = YES;
				CLANG_WARN_OBJC_ROOT_CLASS = YES_ERROR;
				CLANG_WARN_SUSPICIOUS_MOVE = YES;
				CLANG_WARN_UNREACHABLE_CODE = YES;
				CLANG_WARN__DUPLICATE_METHOD_MATCH = YES;
				CODE_SIGN_IDENTITY = "-";
				COPY_PHASE_STRIP = NO;
				DEBUG_INFORMATION_FORMAT = "dwarf-with-dsym";
				ENABLE_NS_ASSERTIONS = NO;
				ENABLE_STRICT_OBJC_MSGSEND = YES;
				GCC_C_LANGUAGE_STANDARD = gnu99;
				GCC_NO_COMMON_BLOCKS = YES;
				GCC_WARN_64_TO_32_BIT_CONVERSION = YES;
				GCC_WARN_ABOUT_RETURN_TYPE = YES_ERROR;
				GCC_WARN_UNDECLARED_SELECTOR = YES;
				GCC_WARN_UNINITIALIZED_AUTOS = YES_AGGRESSIVE;
				GCC_WARN_UNUSED_FUNCTION = YES;
				GCC_WARN_UNUSED_VARIABLE = YES;
				MACOSX_DEPLOYMENT_TARGET = 10.12;
				MTL_ENABLE_DEBUG_INFO = NO;
				SDKROOT = macosx;
			};
			name = Release;
		};
		5AE0045F1EED767000931138 /* Debug */ = {
			isa = XCBuildConfiguration;
			buildSettings = {
				PRODUCT_NAME = "$(TARGET_NAME)";
			};
			name = Debug;
		};
		5AE004601EED767000931138 /* Release */ = {
			isa = XCBuildConfiguration;
			buildSettings = {
				PRODUCT_NAME = "$(TARGET_NAME)";
			};
			name = Release;
		};
/* End XCBuildConfiguration section */

/* Begin XCConfigurationList section */
		5AE004521EED767000931138 /* Build configuration list for PBXProject "wavelet_dwt_full" */ = {
			isa = XCConfigurationList;
			buildConfigurations = (
				5AE0045C1EED767000931138 /* Debug */,
				5AE0045D1EED767000931138 /* Release */,
			);
			defaultConfigurationIsVisible = 0;
			defaultConfigurationName = Release;
		};
		5AE0045E1EED767000931138 /* Build configuration list for PBXNativeTarget "wavelet_dwt_full" */ = {
			isa = XCConfigurationList;
			buildConfigurations = (
				5AE0045F1EED767000931138 /* Debug */,
				5AE004601EED767000931138 /* Release */,
			);
			defaultConfigurationIsVisible = 0;
			defaultConfigurationName = Release;
		};
/* End XCConfigurationList section */
	};
	rootObject = 5AE0044F1EED767000931138 /* Project object */;
}
