// !$*UTF8*$!
{
	archiveVersion = 1;
	classes = {
	};
	objectVersion = 50;
	objects = {

/* Begin PBXBuildFile section */
		5AE1FC7D21D8CC000070BBD6 /* main.cpp in Sources */ = {isa = PBXBuildFile; fileRef = 5AE1FC7C21D8CC000070BBD6 /* main.cpp */; };
		5AE1FC8821D8D0E90070BBD6 /* question1.cpp in Sources */ = {isa = PBXBuildFile; fileRef = 5AE1FC8621D8D0E90070BBD6 /* question1.cpp */; };
		5AE1FC8B21D8D0F80070BBD6 /* question2.cpp in Sources */ = {isa = PBXBuildFile; fileRef = 5AE1FC8921D8D0F80070BBD6 /* question2.cpp */; };
		5AE1FC8E21D8D1070070BBD6 /* question3.cpp in Sources */ = {isa = PBXBuildFile; fileRef = 5AE1FC8C21D8D1070070BBD6 /* question3.cpp */; };
		5AE1FC9121D8D1140070BBD6 /* question4.cpp in Sources */ = {isa = PBXBuildFile; fileRef = 5AE1FC8F21D8D1140070BBD6 /* question4.cpp */; };
		5AE1FC9421D8DB4C0070BBD6 /* question5.cpp in Sources */ = {isa = PBXBuildFile; fileRef = 5AE1FC9221D8DB4C0070BBD6 /* question5.cpp */; };
		5AE1FC9721D8DB5B0070BBD6 /* question6.cpp in Sources */ = {isa = PBXBuildFile; fileRef = 5AE1FC9521D8DB5B0070BBD6 /* question6.cpp */; };
		5AE1FC9A21D8DB670070BBD6 /* question7.cpp in Sources */ = {isa = PBXBuildFile; fileRef = 5AE1FC9821D8DB670070BBD6 /* question7.cpp */; };
		5AE1FC9D21D8DB740070BBD6 /* question8.cpp in Sources */ = {isa = PBXBuildFile; fileRef = 5AE1FC9B21D8DB740070BBD6 /* question8.cpp */; };
		5AE1FCA021D8DB850070BBD6 /* question9.cpp in Sources */ = {isa = PBXBuildFile; fileRef = 5AE1FC9E21D8DB850070BBD6 /* question9.cpp */; };
		5AE1FCA321D8DB920070BBD6 /* question10.cpp in Sources */ = {isa = PBXBuildFile; fileRef = 5AE1FCA121D8DB920070BBD6 /* question10.cpp */; };
		5AE1FCA621D8DB9E0070BBD6 /* question11.cpp in Sources */ = {isa = PBXBuildFile; fileRef = 5AE1FCA421D8DB9E0070BBD6 /* question11.cpp */; };
		5AE1FCA921D8DBA90070BBD6 /* question12.cpp in Sources */ = {isa = PBXBuildFile; fileRef = 5AE1FCA721D8DBA90070BBD6 /* question12.cpp */; };
		5AE1FCAC21D8DBB60070BBD6 /* question13.cpp in Sources */ = {isa = PBXBuildFile; fileRef = 5AE1FCAA21D8DBB60070BBD6 /* question13.cpp */; };
		5AE1FCAF21D8DBC10070BBD6 /* question14.cpp in Sources */ = {isa = PBXBuildFile; fileRef = 5AE1FCAD21D8DBC10070BBD6 /* question14.cpp */; };
/* End PBXBuildFile section */

/* Begin PBXCopyFilesBuildPhase section */
		5AE1FC7721D8CC000070BBD6 /* CopyFiles */ = {
			isa = PBXCopyFilesBuildPhase;
			buildActionMask = 2147483647;
			dstPath = /usr/share/man/man1/;
			dstSubfolderSpec = 0;
			files = (
			);
			runOnlyForDeploymentPostprocessing = 1;
		};
/* End PBXCopyFilesBuildPhase section */

/* Begin PBXFileReference section */
		5AE1FC7921D8CC000070BBD6 /* HW_modulus */ = {isa = PBXFileReference; explicitFileType = "compiled.mach-o.executable"; includeInIndex = 0; path = HW_modulus; sourceTree = BUILT_PRODUCTS_DIR; };
		5AE1FC7C21D8CC000070BBD6 /* main.cpp */ = {isa = PBXFileReference; lastKnownFileType = sourcecode.cpp.cpp; path = main.cpp; sourceTree = "<group>"; };
		5AE1FC8621D8D0E90070BBD6 /* question1.cpp */ = {isa = PBXFileReference; lastKnownFileType = sourcecode.cpp.cpp; path = question1.cpp; sourceTree = "<group>"; };
		5AE1FC8721D8D0E90070BBD6 /* question1.hpp */ = {isa = PBXFileReference; lastKnownFileType = sourcecode.cpp.h; path = question1.hpp; sourceTree = "<group>"; };
		5AE1FC8921D8D0F80070BBD6 /* question2.cpp */ = {isa = PBXFileReference; lastKnownFileType = sourcecode.cpp.cpp; path = question2.cpp; sourceTree = "<group>"; };
		5AE1FC8A21D8D0F80070BBD6 /* question2.hpp */ = {isa = PBXFileReference; lastKnownFileType = sourcecode.cpp.h; path = question2.hpp; sourceTree = "<group>"; };
		5AE1FC8C21D8D1070070BBD6 /* question3.cpp */ = {isa = PBXFileReference; lastKnownFileType = sourcecode.cpp.cpp; path = question3.cpp; sourceTree = "<group>"; };
		5AE1FC8D21D8D1070070BBD6 /* question3.hpp */ = {isa = PBXFileReference; lastKnownFileType = sourcecode.cpp.h; path = question3.hpp; sourceTree = "<group>"; };
		5AE1FC8F21D8D1140070BBD6 /* question4.cpp */ = {isa = PBXFileReference; lastKnownFileType = sourcecode.cpp.cpp; path = question4.cpp; sourceTree = "<group>"; };
		5AE1FC9021D8D1140070BBD6 /* question4.hpp */ = {isa = PBXFileReference; lastKnownFileType = sourcecode.cpp.h; path = question4.hpp; sourceTree = "<group>"; };
		5AE1FC9221D8DB4C0070BBD6 /* question5.cpp */ = {isa = PBXFileReference; lastKnownFileType = sourcecode.cpp.cpp; path = question5.cpp; sourceTree = "<group>"; };
		5AE1FC9321D8DB4C0070BBD6 /* question5.hpp */ = {isa = PBXFileReference; lastKnownFileType = sourcecode.cpp.h; path = question5.hpp; sourceTree = "<group>"; };
		5AE1FC9521D8DB5B0070BBD6 /* question6.cpp */ = {isa = PBXFileReference; lastKnownFileType = sourcecode.cpp.cpp; path = question6.cpp; sourceTree = "<group>"; };
		5AE1FC9621D8DB5B0070BBD6 /* question6.hpp */ = {isa = PBXFileReference; lastKnownFileType = sourcecode.cpp.h; path = question6.hpp; sourceTree = "<group>"; };
		5AE1FC9821D8DB670070BBD6 /* question7.cpp */ = {isa = PBXFileReference; lastKnownFileType = sourcecode.cpp.cpp; path = question7.cpp; sourceTree = "<group>"; };
		5AE1FC9921D8DB670070BBD6 /* question7.hpp */ = {isa = PBXFileReference; lastKnownFileType = sourcecode.cpp.h; path = question7.hpp; sourceTree = "<group>"; };
		5AE1FC9B21D8DB740070BBD6 /* question8.cpp */ = {isa = PBXFileReference; lastKnownFileType = sourcecode.cpp.cpp; path = question8.cpp; sourceTree = "<group>"; };
		5AE1FC9C21D8DB740070BBD6 /* question8.hpp */ = {isa = PBXFileReference; lastKnownFileType = sourcecode.cpp.h; path = question8.hpp; sourceTree = "<group>"; };
		5AE1FC9E21D8DB850070BBD6 /* question9.cpp */ = {isa = PBXFileReference; lastKnownFileType = sourcecode.cpp.cpp; path = question9.cpp; sourceTree = "<group>"; };
		5AE1FC9F21D8DB850070BBD6 /* question9.hpp */ = {isa = PBXFileReference; lastKnownFileType = sourcecode.cpp.h; path = question9.hpp; sourceTree = "<group>"; };
		5AE1FCA121D8DB920070BBD6 /* question10.cpp */ = {isa = PBXFileReference; lastKnownFileType = sourcecode.cpp.cpp; path = question10.cpp; sourceTree = "<group>"; };
		5AE1FCA221D8DB920070BBD6 /* question10.hpp */ = {isa = PBXFileReference; lastKnownFileType = sourcecode.cpp.h; path = question10.hpp; sourceTree = "<group>"; };
		5AE1FCA421D8DB9E0070BBD6 /* question11.cpp */ = {isa = PBXFileReference; lastKnownFileType = sourcecode.cpp.cpp; path = question11.cpp; sourceTree = "<group>"; };
		5AE1FCA521D8DB9E0070BBD6 /* question11.hpp */ = {isa = PBXFileReference; lastKnownFileType = sourcecode.cpp.h; path = question11.hpp; sourceTree = "<group>"; };
		5AE1FCA721D8DBA90070BBD6 /* question12.cpp */ = {isa = PBXFileReference; lastKnownFileType = sourcecode.cpp.cpp; path = question12.cpp; sourceTree = "<group>"; };
		5AE1FCA821D8DBA90070BBD6 /* question12.hpp */ = {isa = PBXFileReference; lastKnownFileType = sourcecode.cpp.h; path = question12.hpp; sourceTree = "<group>"; };
		5AE1FCAA21D8DBB60070BBD6 /* question13.cpp */ = {isa = PBXFileReference; lastKnownFileType = sourcecode.cpp.cpp; path = question13.cpp; sourceTree = "<group>"; };
		5AE1FCAB21D8DBB60070BBD6 /* question13.hpp */ = {isa = PBXFileReference; lastKnownFileType = sourcecode.cpp.h; path = question13.hpp; sourceTree = "<group>"; };
		5AE1FCAD21D8DBC10070BBD6 /* question14.cpp */ = {isa = PBXFileReference; lastKnownFileType = sourcecode.cpp.cpp; path = question14.cpp; sourceTree = "<group>"; };
		5AE1FCAE21D8DBC10070BBD6 /* question14.hpp */ = {isa = PBXFileReference; lastKnownFileType = sourcecode.cpp.h; path = question14.hpp; sourceTree = "<group>"; };
/* End PBXFileReference section */

/* Begin PBXFrameworksBuildPhase section */
		5AE1FC7621D8CC000070BBD6 /* Frameworks */ = {
			isa = PBXFrameworksBuildPhase;
			buildActionMask = 2147483647;
			files = (
			);
			runOnlyForDeploymentPostprocessing = 0;
		};
/* End PBXFrameworksBuildPhase section */

/* Begin PBXGroup section */
		5AE1FC7021D8CBFF0070BBD6 = {
			isa = PBXGroup;
			children = (
				5AE1FC7B21D8CC000070BBD6 /* HW_modulus */,
				5AE1FC7A21D8CC000070BBD6 /* Products */,
			);
			sourceTree = "<group>";
		};
		5AE1FC7A21D8CC000070BBD6 /* Products */ = {
			isa = PBXGroup;
			children = (
				5AE1FC7921D8CC000070BBD6 /* HW_modulus */,
			);
			name = Products;
			sourceTree = "<group>";
		};
		5AE1FC7B21D8CC000070BBD6 /* HW_modulus */ = {
			isa = PBXGroup;
			children = (
				5AE1FC7C21D8CC000070BBD6 /* main.cpp */,
				5AE1FC8621D8D0E90070BBD6 /* question1.cpp */,
				5AE1FC8721D8D0E90070BBD6 /* question1.hpp */,
				5AE1FC8921D8D0F80070BBD6 /* question2.cpp */,
				5AE1FC8A21D8D0F80070BBD6 /* question2.hpp */,
				5AE1FC8C21D8D1070070BBD6 /* question3.cpp */,
				5AE1FC8D21D8D1070070BBD6 /* question3.hpp */,
				5AE1FC8F21D8D1140070BBD6 /* question4.cpp */,
				5AE1FC9021D8D1140070BBD6 /* question4.hpp */,
				5AE1FC9221D8DB4C0070BBD6 /* question5.cpp */,
				5AE1FC9321D8DB4C0070BBD6 /* question5.hpp */,
				5AE1FC9521D8DB5B0070BBD6 /* question6.cpp */,
				5AE1FC9621D8DB5B0070BBD6 /* question6.hpp */,
				5AE1FC9821D8DB670070BBD6 /* question7.cpp */,
				5AE1FC9921D8DB670070BBD6 /* question7.hpp */,
				5AE1FC9B21D8DB740070BBD6 /* question8.cpp */,
				5AE1FC9C21D8DB740070BBD6 /* question8.hpp */,
				5AE1FC9E21D8DB850070BBD6 /* question9.cpp */,
				5AE1FC9F21D8DB850070BBD6 /* question9.hpp */,
				5AE1FCA121D8DB920070BBD6 /* question10.cpp */,
				5AE1FCA221D8DB920070BBD6 /* question10.hpp */,
				5AE1FCA421D8DB9E0070BBD6 /* question11.cpp */,
				5AE1FCA521D8DB9E0070BBD6 /* question11.hpp */,
				5AE1FCA721D8DBA90070BBD6 /* question12.cpp */,
				5AE1FCA821D8DBA90070BBD6 /* question12.hpp */,
				5AE1FCAA21D8DBB60070BBD6 /* question13.cpp */,
				5AE1FCAB21D8DBB60070BBD6 /* question13.hpp */,
				5AE1FCAD21D8DBC10070BBD6 /* question14.cpp */,
				5AE1FCAE21D8DBC10070BBD6 /* question14.hpp */,
			);
			path = HW_modulus;
			sourceTree = "<group>";
		};
/* End PBXGroup section */

/* Begin PBXNativeTarget section */
		5AE1FC7821D8CC000070BBD6 /* HW_modulus */ = {
			isa = PBXNativeTarget;
			buildConfigurationList = 5AE1FC8021D8CC000070BBD6 /* Build configuration list for PBXNativeTarget "HW_modulus" */;
			buildPhases = (
				5AE1FC7521D8CC000070BBD6 /* Sources */,
				5AE1FC7621D8CC000070BBD6 /* Frameworks */,
				5AE1FC7721D8CC000070BBD6 /* CopyFiles */,
			);
			buildRules = (
			);
			dependencies = (
			);
			name = HW_modulus;
			productName = HW_modulus;
			productReference = 5AE1FC7921D8CC000070BBD6 /* HW_modulus */;
			productType = "com.apple.product-type.tool";
		};
/* End PBXNativeTarget section */

/* Begin PBXProject section */
		5AE1FC7121D8CC000070BBD6 /* Project object */ = {
			isa = PBXProject;
			attributes = {
				LastUpgradeCheck = 1010;
				TargetAttributes = {
					5AE1FC7821D8CC000070BBD6 = {
						CreatedOnToolsVersion = 10.1;
					};
				};
			};
			buildConfigurationList = 5AE1FC7421D8CC000070BBD6 /* Build configuration list for PBXProject "HW_modulus" */;
			compatibilityVersion = "Xcode 9.3";
			developmentRegion = en;
			hasScannedForEncodings = 0;
			knownRegions = (
				en,
			);
			mainGroup = 5AE1FC7021D8CBFF0070BBD6;
			productRefGroup = 5AE1FC7A21D8CC000070BBD6 /* Products */;
			projectDirPath = "";
			projectRoot = "";
			targets = (
				5AE1FC7821D8CC000070BBD6 /* HW_modulus */,
			);
		};
/* End PBXProject section */

/* Begin PBXSourcesBuildPhase section */
		5AE1FC7521D8CC000070BBD6 /* Sources */ = {
			isa = PBXSourcesBuildPhase;
			buildActionMask = 2147483647;
			files = (
				5AE1FCAF21D8DBC10070BBD6 /* question14.cpp in Sources */,
				5AE1FC9121D8D1140070BBD6 /* question4.cpp in Sources */,
				5AE1FC9D21D8DB740070BBD6 /* question8.cpp in Sources */,
				5AE1FC9421D8DB4C0070BBD6 /* question5.cpp in Sources */,
				5AE1FC7D21D8CC000070BBD6 /* main.cpp in Sources */,
				5AE1FC8E21D8D1070070BBD6 /* question3.cpp in Sources */,
				5AE1FCAC21D8DBB60070BBD6 /* question13.cpp in Sources */,
				5AE1FCA021D8DB850070BBD6 /* question9.cpp in Sources */,
				5AE1FC8B21D8D0F80070BBD6 /* question2.cpp in Sources */,
				5AE1FCA921D8DBA90070BBD6 /* question12.cpp in Sources */,
				5AE1FC9A21D8DB670070BBD6 /* question7.cpp in Sources */,
				5AE1FC8821D8D0E90070BBD6 /* question1.cpp in Sources */,
				5AE1FCA621D8DB9E0070BBD6 /* question11.cpp in Sources */,
				5AE1FC9721D8DB5B0070BBD6 /* question6.cpp in Sources */,
				5AE1FCA321D8DB920070BBD6 /* question10.cpp in Sources */,
			);
			runOnlyForDeploymentPostprocessing = 0;
		};
/* End PBXSourcesBuildPhase section */

/* Begin XCBuildConfiguration section */
		5AE1FC7E21D8CC000070BBD6 /* Debug */ = {
			isa = XCBuildConfiguration;
			buildSettings = {
				ALWAYS_SEARCH_USER_PATHS = NO;
				CLANG_ANALYZER_NONNULL = YES;
				CLANG_ANALYZER_NUMBER_OBJECT_CONVERSION = YES_AGGRESSIVE;
				CLANG_CXX_LANGUAGE_STANDARD = "gnu++14";
				CLANG_CXX_LIBRARY = "libc++";
				CLANG_ENABLE_MODULES = YES;
				CLANG_ENABLE_OBJC_ARC = YES;
				CLANG_ENABLE_OBJC_WEAK = YES;
				CLANG_WARN_BLOCK_CAPTURE_AUTORELEASING = YES;
				CLANG_WARN_BOOL_CONVERSION = YES;
				CLANG_WARN_COMMA = YES;
				CLANG_WARN_CONSTANT_CONVERSION = YES;
				CLANG_WARN_DEPRECATED_OBJC_IMPLEMENTATIONS = YES;
				CLANG_WARN_DIRECT_OBJC_ISA_USAGE = YES_ERROR;
				CLANG_WARN_DOCUMENTATION_COMMENTS = YES;
				CLANG_WARN_EMPTY_BODY = YES;
				CLANG_WARN_ENUM_CONVERSION = YES;
				CLANG_WARN_INFINITE_RECURSION = YES;
				CLANG_WARN_INT_CONVERSION = YES;
				CLANG_WARN_NON_LITERAL_NULL_CONVERSION = YES;
				CLANG_WARN_OBJC_IMPLICIT_RETAIN_SELF = YES;
				CLANG_WARN_OBJC_LITERAL_CONVERSION = YES;
				CLANG_WARN_OBJC_ROOT_CLASS = YES_ERROR;
				CLANG_WARN_RANGE_LOOP_ANALYSIS = YES;
				CLANG_WARN_STRICT_PROTOTYPES = YES;
				CLANG_WARN_SUSPICIOUS_MOVE = YES;
				CLANG_WARN_UNGUARDED_AVAILABILITY = YES_AGGRESSIVE;
				CLANG_WARN_UNREACHABLE_CODE = YES;
				CLANG_WARN__DUPLICATE_METHOD_MATCH = YES;
				CODE_SIGN_IDENTITY = "-";
				COPY_PHASE_STRIP = NO;
				DEBUG_INFORMATION_FORMAT = dwarf;
				ENABLE_STRICT_OBJC_MSGSEND = YES;
				ENABLE_TESTABILITY = YES;
				GCC_C_LANGUAGE_STANDARD = gnu11;
				GCC_DYNAMIC_NO_PIC = NO;
				GCC_NO_COMMON_BLOCKS = YES;
				GCC_OPTIMIZATION_LEVEL = 0;
				GCC_PREPROCESSOR_DEFINITIONS = (
					"DEBUG=1",
					"$(inherited)",
				);
				GCC_WARN_64_TO_32_BIT_CONVERSION = YES;
				GCC_WARN_ABOUT_RETURN_TYPE = YES_ERROR;
				GCC_WARN_UNDECLARED_SELECTOR = YES;
				GCC_WARN_UNINITIALIZED_AUTOS = YES_AGGRESSIVE;
				GCC_WARN_UNUSED_FUNCTION = YES;
				GCC_WARN_UNUSED_VARIABLE = YES;
				MACOSX_DEPLOYMENT_TARGET = 10.14;
				MTL_ENABLE_DEBUG_INFO = INCLUDE_SOURCE;
				MTL_FAST_MATH = YES;
				ONLY_ACTIVE_ARCH = YES;
				SDKROOT = macosx;
			};
			name = Debug;
		};
		5AE1FC7F21D8CC000070BBD6 /* Release */ = {
			isa = XCBuildConfiguration;
			buildSettings = {
				ALWAYS_SEARCH_USER_PATHS = NO;
				CLANG_ANALYZER_NONNULL = YES;
				CLANG_ANALYZER_NUMBER_OBJECT_CONVERSION = YES_AGGRESSIVE;
				CLANG_CXX_LANGUAGE_STANDARD = "gnu++14";
				CLANG_CXX_LIBRARY = "libc++";
				CLANG_ENABLE_MODULES = YES;
				CLANG_ENABLE_OBJC_ARC = YES;
				CLANG_ENABLE_OBJC_WEAK = YES;
				CLANG_WARN_BLOCK_CAPTURE_AUTORELEASING = YES;
				CLANG_WARN_BOOL_CONVERSION = YES;
				CLANG_WARN_COMMA = YES;
				CLANG_WARN_CONSTANT_CONVERSION = YES;
				CLANG_WARN_DEPRECATED_OBJC_IMPLEMENTATIONS = YES;
				CLANG_WARN_DIRECT_OBJC_ISA_USAGE = YES_ERROR;
				CLANG_WARN_DOCUMENTATION_COMMENTS = YES;
				CLANG_WARN_EMPTY_BODY = YES;
				CLANG_WARN_ENUM_CONVERSION = YES;
				CLANG_WARN_INFINITE_RECURSION = YES;
				CLANG_WARN_INT_CONVERSION = YES;
				CLANG_WARN_NON_LITERAL_NULL_CONVERSION = YES;
				CLANG_WARN_OBJC_IMPLICIT_RETAIN_SELF = YES;
				CLANG_WARN_OBJC_LITERAL_CONVERSION = YES;
				CLANG_WARN_OBJC_ROOT_CLASS = YES_ERROR;
				CLANG_WARN_RANGE_LOOP_ANALYSIS = YES;
				CLANG_WARN_STRICT_PROTOTYPES = YES;
				CLANG_WARN_SUSPICIOUS_MOVE = YES;
				CLANG_WARN_UNGUARDED_AVAILABILITY = YES_AGGRESSIVE;
				CLANG_WARN_UNREACHABLE_CODE = YES;
				CLANG_WARN__DUPLICATE_METHOD_MATCH = YES;
				CODE_SIGN_IDENTITY = "-";
				COPY_PHASE_STRIP = NO;
				DEBUG_INFORMATION_FORMAT = "dwarf-with-dsym";
				ENABLE_NS_ASSERTIONS = NO;
				ENABLE_STRICT_OBJC_MSGSEND = YES;
				GCC_C_LANGUAGE_STANDARD = gnu11;
				GCC_NO_COMMON_BLOCKS = YES;
				GCC_WARN_64_TO_32_BIT_CONVERSION = YES;
				GCC_WARN_ABOUT_RETURN_TYPE = YES_ERROR;
				GCC_WARN_UNDECLARED_SELECTOR = YES;
				GCC_WARN_UNINITIALIZED_AUTOS = YES_AGGRESSIVE;
				GCC_WARN_UNUSED_FUNCTION = YES;
				GCC_WARN_UNUSED_VARIABLE = YES;
				MACOSX_DEPLOYMENT_TARGET = 10.14;
				MTL_ENABLE_DEBUG_INFO = NO;
				MTL_FAST_MATH = YES;
				SDKROOT = macosx;
			};
			name = Release;
		};
		5AE1FC8121D8CC000070BBD6 /* Debug */ = {
			isa = XCBuildConfiguration;
			buildSettings = {
				CODE_SIGN_STYLE = Automatic;
				PRODUCT_NAME = "$(TARGET_NAME)";
			};
			name = Debug;
		};
		5AE1FC8221D8CC000070BBD6 /* Release */ = {
			isa = XCBuildConfiguration;
			buildSettings = {
				CODE_SIGN_STYLE = Automatic;
				PRODUCT_NAME = "$(TARGET_NAME)";
			};
			name = Release;
		};
/* End XCBuildConfiguration section */

/* Begin XCConfigurationList section */
		5AE1FC7421D8CC000070BBD6 /* Build configuration list for PBXProject "HW_modulus" */ = {
			isa = XCConfigurationList;
			buildConfigurations = (
				5AE1FC7E21D8CC000070BBD6 /* Debug */,
				5AE1FC7F21D8CC000070BBD6 /* Release */,
			);
			defaultConfigurationIsVisible = 0;
			defaultConfigurationName = Release;
		};
		5AE1FC8021D8CC000070BBD6 /* Build configuration list for PBXNativeTarget "HW_modulus" */ = {
			isa = XCConfigurationList;
			buildConfigurations = (
				5AE1FC8121D8CC000070BBD6 /* Debug */,
				5AE1FC8221D8CC000070BBD6 /* Release */,
			);
			defaultConfigurationIsVisible = 0;
			defaultConfigurationName = Release;
		};
/* End XCConfigurationList section */
	};
	rootObject = 5AE1FC7121D8CC000070BBD6 /* Project object */;
}
